// !$*UTF8*$!
{
	archiveVersion = 1;
	classes = {
	};
	objectVersion = 55;
	objects = {

/* Begin PBXBuildFile section */
		66170AC0271ABA1600899506 /* cruFreeApp.swift in Sources */ = {isa = PBXBuildFile; fileRef = 66170ABF271ABA1600899506 /* cruFreeApp.swift */; };
		66170AC2271ABA1600899506 /* ContentView.swift in Sources */ = {isa = PBXBuildFile; fileRef = 66170AC1271ABA1600899506 /* ContentView.swift */; };
		66170AC4271ABA1700899506 /* Assets.xcassets in Resources */ = {isa = PBXBuildFile; fileRef = 66170AC3271ABA1700899506 /* Assets.xcassets */; };
		66170AC7271ABA1700899506 /* Preview Assets.xcassets in Resources */ = {isa = PBXBuildFile; fileRef = 66170AC6271ABA1700899506 /* Preview Assets.xcassets */; };
		66170ACF271ABC5A00899506 /* HomeView.swift in Sources */ = {isa = PBXBuildFile; fileRef = 66170ACE271ABC5A00899506 /* HomeView.swift */; };
		66170AD3271ABC9C00899506 /* SidePageView.swift in Sources */ = {isa = PBXBuildFile; fileRef = 66170AD2271ABC9C00899506 /* SidePageView.swift */; };
		66170AD7271AC11200899506 /* searchBar.swift in Sources */ = {isa = PBXBuildFile; fileRef = 66170AD6271AC11200899506 /* searchBar.swift */; };
		66170ADB271ADC9600899506 /* InfoCell.swift in Sources */ = {isa = PBXBuildFile; fileRef = 66170ADA271ADC9600899506 /* InfoCell.swift */; };
		66170ADD271AE98300899506 /* DetailView.swift in Sources */ = {isa = PBXBuildFile; fileRef = 66170ADC271AE98300899506 /* DetailView.swift */; };
		66170AE0271AEE9A00899506 /* CrueltyFree.swift in Sources */ = {isa = PBXBuildFile; fileRef = 66170ADF271AEE9A00899506 /* CrueltyFree.swift */; };
		66170AE3271AEF5500899506 /* VeganProduct.swift in Sources */ = {isa = PBXBuildFile; fileRef = 66170AE2271AEF5500899506 /* VeganProduct.swift */; };
		66170AE5271AF09F00899506 /* Developers.swift in Sources */ = {isa = PBXBuildFile; fileRef = 66170AE4271AF09F00899506 /* Developers.swift */; };
		66170AE7271AF0C500899506 /* FAQ.swift in Sources */ = {isa = PBXBuildFile; fileRef = 66170AE6271AF0C500899506 /* FAQ.swift */; };
		66170AEB271DB60800899506 /* NavigationBarColor.swift in Sources */ = {isa = PBXBuildFile; fileRef = 66170AEA271DB60800899506 /* NavigationBarColor.swift */; };
		66170AEE271DBCC000899506 /* NavLogo.swift in Sources */ = {isa = PBXBuildFile; fileRef = 66170AED271DBCC000899506 /* NavLogo.swift */; };
/* End PBXBuildFile section */

/* Begin PBXFileReference section */
		66170ABC271ABA1600899506 /* cruFree.app */ = {isa = PBXFileReference; explicitFileType = wrapper.application; includeInIndex = 0; path = cruFree.app; sourceTree = BUILT_PRODUCTS_DIR; };
		66170ABF271ABA1600899506 /* cruFreeApp.swift */ = {isa = PBXFileReference; lastKnownFileType = sourcecode.swift; path = cruFreeApp.swift; sourceTree = "<group>"; };
		66170AC1271ABA1600899506 /* ContentView.swift */ = {isa = PBXFileReference; lastKnownFileType = sourcecode.swift; path = ContentView.swift; sourceTree = "<group>"; };
		66170AC3271ABA1700899506 /* Assets.xcassets */ = {isa = PBXFileReference; lastKnownFileType = folder.assetcatalog; path = Assets.xcassets; sourceTree = "<group>"; };
		66170AC6271ABA1700899506 /* Preview Assets.xcassets */ = {isa = PBXFileReference; lastKnownFileType = folder.assetcatalog; path = "Preview Assets.xcassets"; sourceTree = "<group>"; };
		66170ACE271ABC5A00899506 /* HomeView.swift */ = {isa = PBXFileReference; lastKnownFileType = sourcecode.swift; path = HomeView.swift; sourceTree = "<group>"; };
		66170AD2271ABC9C00899506 /* SidePageView.swift */ = {isa = PBXFileReference; lastKnownFileType = sourcecode.swift; path = SidePageView.swift; sourceTree = "<group>"; };
		66170AD6271AC11200899506 /* searchBar.swift */ = {isa = PBXFileReference; lastKnownFileType = sourcecode.swift; path = searchBar.swift; sourceTree = "<group>"; };
		66170ADA271ADC9600899506 /* InfoCell.swift */ = {isa = PBXFileReference; lastKnownFileType = sourcecode.swift; path = InfoCell.swift; sourceTree = "<group>"; };
		66170ADC271AE98300899506 /* DetailView.swift */ = {isa = PBXFileReference; lastKnownFileType = sourcecode.swift; path = DetailView.swift; sourceTree = "<group>"; };
		66170ADF271AEE9A00899506 /* CrueltyFree.swift */ = {isa = PBXFileReference; lastKnownFileType = sourcecode.swift; path = CrueltyFree.swift; sourceTree = "<group>"; };
		66170AE2271AEF5500899506 /* VeganProduct.swift */ = {isa = PBXFileReference; lastKnownFileType = sourcecode.swift; path = VeganProduct.swift; sourceTree = "<group>"; };
		66170AE4271AF09F00899506 /* Developers.swift */ = {isa = PBXFileReference; lastKnownFileType = sourcecode.swift; path = Developers.swift; sourceTree = "<group>"; };
		66170AE6271AF0C500899506 /* FAQ.swift */ = {isa = PBXFileReference; lastKnownFileType = sourcecode.swift; path = FAQ.swift; sourceTree = "<group>"; };
		66170AEA271DB60800899506 /* NavigationBarColor.swift */ = {isa = PBXFileReference; lastKnownFileType = sourcecode.swift; path = NavigationBarColor.swift; sourceTree = "<group>"; };
		66170AED271DBCC000899506 /* NavLogo.swift */ = {isa = PBXFileReference; lastKnownFileType = sourcecode.swift; path = NavLogo.swift; sourceTree = "<group>"; };
/* End PBXFileReference section */

/* Begin PBXFrameworksBuildPhase section */
		66170AB9271ABA1600899506 /* Frameworks */ = {
			isa = PBXFrameworksBuildPhase;
			buildActionMask = 2147483647;
			files = (
			);
			runOnlyForDeploymentPostprocessing = 0;
		};
/* End PBXFrameworksBuildPhase section */

/* Begin PBXGroup section */
		66170AB3271ABA1600899506 = {
			isa = PBXGroup;
			children = (
				66170ABE271ABA1600899506 /* cruFree */,
				66170ABD271ABA1600899506 /* Products */,
			);
			sourceTree = "<group>";
		};
		66170ABD271ABA1600899506 /* Products */ = {
			isa = PBXGroup;
			children = (
				66170ABC271ABA1600899506 /* cruFree.app */,
			);
			name = Products;
			sourceTree = "<group>";
		};
		66170ABE271ABA1600899506 /* cruFree */ = {
			isa = PBXGroup;
			children = (
				66170AD5271AC0EE00899506 /* Functions */,
				66170ACD271ABC3300899506 /* Screens */,
				66170AC3271ABA1700899506 /* Assets.xcassets */,
				66170AC5271ABA1700899506 /* Preview Content */,
			);
			path = cruFree;
			sourceTree = "<group>";
		};
		66170AC5271ABA1700899506 /* Preview Content */ = {
			isa = PBXGroup;
			children = (
				66170AC6271ABA1700899506 /* Preview Assets.xcassets */,
			);
			path = "Preview Content";
			sourceTree = "<group>";
		};
		66170ACD271ABC3300899506 /* Screens */ = {
			isa = PBXGroup;
			children = (
				66170ADE271AEE7100899506 /* InfoScreens */,
				66170AC1271ABA1600899506 /* ContentView.swift */,
				66170ACE271ABC5A00899506 /* HomeView.swift */,
				66170ADC271AE98300899506 /* DetailView.swift */,
				66170AD2271ABC9C00899506 /* SidePageView.swift */,
				66170ABF271ABA1600899506 /* cruFreeApp.swift */,
			);
			path = Screens;
			sourceTree = "<group>";
		};
		66170AD5271AC0EE00899506 /* Functions */ = {
			isa = PBXGroup;
			children = (
				66170AD6271AC11200899506 /* searchBar.swift */,
				66170ADA271ADC9600899506 /* InfoCell.swift */,
				66170AEA271DB60800899506 /* NavigationBarColor.swift */,
				66170AED271DBCC000899506 /* NavLogo.swift */,
			);
			path = Functions;
			sourceTree = "<group>";
		};
		66170ADE271AEE7100899506 /* InfoScreens */ = {
			isa = PBXGroup;
			children = (
				66170ADF271AEE9A00899506 /* CrueltyFree.swift */,
				66170AE2271AEF5500899506 /* VeganProduct.swift */,
				66170AE4271AF09F00899506 /* Developers.swift */,
				66170AE6271AF0C500899506 /* FAQ.swift */,
			);
			name = InfoScreens;
			sourceTree = "<group>";
		};
/* End PBXGroup section */

/* Begin PBXNativeTarget section */
		66170ABB271ABA1600899506 /* cruFree */ = {
			isa = PBXNativeTarget;
			buildConfigurationList = 66170ACA271ABA1700899506 /* Build configuration list for PBXNativeTarget "cruFree" */;
			buildPhases = (
				66170AB8271ABA1600899506 /* Sources */,
				66170AB9271ABA1600899506 /* Frameworks */,
				66170ABA271ABA1600899506 /* Resources */,
			);
			buildRules = (
			);
			dependencies = (
			);
			name = cruFree;
			productName = cruFree;
			productReference = 66170ABC271ABA1600899506 /* cruFree.app */;
			productType = "com.apple.product-type.application";
		};
/* End PBXNativeTarget section */

/* Begin PBXProject section */
		66170AB4271ABA1600899506 /* Project object */ = {
			isa = PBXProject;
			attributes = {
				BuildIndependentTargetsInParallel = 1;
				LastSwiftUpdateCheck = 1300;
				LastUpgradeCheck = 1300;
				TargetAttributes = {
					66170ABB271ABA1600899506 = {
						CreatedOnToolsVersion = 13.0;
					};
				};
			};
			buildConfigurationList = 66170AB7271ABA1600899506 /* Build configuration list for PBXProject "cruFree" */;
			compatibilityVersion = "Xcode 13.0";
			developmentRegion = en;
			hasScannedForEncodings = 0;
			knownRegions = (
				en,
				Base,
			);
			mainGroup = 66170AB3271ABA1600899506;
			productRefGroup = 66170ABD271ABA1600899506 /* Products */;
			projectDirPath = "";
			projectRoot = "";
			targets = (
				66170ABB271ABA1600899506 /* cruFree */,
			);
		};
/* End PBXProject section */

/* Begin PBXResourcesBuildPhase section */
		66170ABA271ABA1600899506 /* Resources */ = {
			isa = PBXResourcesBuildPhase;
			buildActionMask = 2147483647;
			files = (
				66170AC7271ABA1700899506 /* Preview Assets.xcassets in Resources */,
				66170AC4271ABA1700899506 /* Assets.xcassets in Resources */,
			);
			runOnlyForDeploymentPostprocessing = 0;
		};
/* End PBXResourcesBuildPhase section */

/* Begin PBXSourcesBuildPhase section */
		66170AB8271ABA1600899506 /* Sources */ = {
			isa = PBXSourcesBuildPhase;
			buildActionMask = 2147483647;
			files = (
				66170ADB271ADC9600899506 /* InfoCell.swift in Sources */,
				66170AE3271AEF5500899506 /* VeganProduct.swift in Sources */,
				66170ADD271AE98300899506 /* DetailView.swift in Sources */,
				66170AE0271AEE9A00899506 /* CrueltyFree.swift in Sources */,
				66170AE5271AF09F00899506 /* Developers.swift in Sources */,
				66170ACF271ABC5A00899506 /* HomeView.swift in Sources */,
				66170AC2271ABA1600899506 /* ContentView.swift in Sources */,
				66170AEB271DB60800899506 /* NavigationBarColor.swift in Sources */,
				66170AE7271AF0C500899506 /* FAQ.swift in Sources */,
				66170AC0271ABA1600899506 /* cruFreeApp.swift in Sources */,
				66170AD3271ABC9C00899506 /* SidePageView.swift in Sources */,
				66170AEE271DBCC000899506 /* NavLogo.swift in Sources */,
				66170AD7271AC11200899506 /* searchBar.swift in Sources */,
			);
			runOnlyForDeploymentPostprocessing = 0;
		};
/* End PBXSourcesBuildPhase section */

/* Begin XCBuildConfiguration section */
		66170AC8271ABA1700899506 /* Debug */ = {
			isa = XCBuildConfiguration;
			buildSettings = {
				ALWAYS_SEARCH_USER_PATHS = NO;
				CLANG_ANALYZER_NONNULL = YES;
				CLANG_ANALYZER_NUMBER_OBJECT_CONVERSION = YES_AGGRESSIVE;
				CLANG_CXX_LANGUAGE_STANDARD = "gnu++17";
				CLANG_CXX_LIBRARY = "libc++";
				CLANG_ENABLE_MODULES = YES;
				CLANG_ENABLE_OBJC_ARC = YES;
				CLANG_ENABLE_OBJC_WEAK = YES;
				CLANG_WARN_BLOCK_CAPTURE_AUTORELEASING = YES;
				CLANG_WARN_BOOL_CONVERSION = YES;
				CLANG_WARN_COMMA = YES;
				CLANG_WARN_CONSTANT_CONVERSION = YES;
				CLANG_WARN_DEPRECATED_OBJC_IMPLEMENTATIONS = YES;
				CLANG_WARN_DIRECT_OBJC_ISA_USAGE = YES_ERROR;
				CLANG_WARN_DOCUMENTATION_COMMENTS = YES;
				CLANG_WARN_EMPTY_BODY = YES;
				CLANG_WARN_ENUM_CONVERSION = YES;
				CLANG_WARN_INFINITE_RECURSION = YES;
				CLANG_WARN_INT_CONVERSION = YES;
				CLANG_WARN_NON_LITERAL_NULL_CONVERSION = YES;
				CLANG_WARN_OBJC_IMPLICIT_RETAIN_SELF = YES;
				CLANG_WARN_OBJC_LITERAL_CONVERSION = YES;
				CLANG_WARN_OBJC_ROOT_CLASS = YES_ERROR;
				CLANG_WARN_QUOTED_INCLUDE_IN_FRAMEWORK_HEADER = YES;
				CLANG_WARN_RANGE_LOOP_ANALYSIS = YES;
				CLANG_WARN_STRICT_PROTOTYPES = YES;
				CLANG_WARN_SUSPICIOUS_MOVE = YES;
				CLANG_WARN_UNGUARDED_AVAILABILITY = YES_AGGRESSIVE;
				CLANG_WARN_UNREACHABLE_CODE = YES;
				CLANG_WARN__DUPLICATE_METHOD_MATCH = YES;
				COPY_PHASE_STRIP = NO;
				DEBUG_INFORMATION_FORMAT = dwarf;
				ENABLE_STRICT_OBJC_MSGSEND = YES;
				ENABLE_TESTABILITY = YES;
				GCC_C_LANGUAGE_STANDARD = gnu11;
				GCC_DYNAMIC_NO_PIC = NO;
				GCC_NO_COMMON_BLOCKS = YES;
				GCC_OPTIMIZATION_LEVEL = 0;
				GCC_PREPROCESSOR_DEFINITIONS = (
					"DEBUG=1",
					"$(inherited)",
				);
				GCC_WARN_64_TO_32_BIT_CONVERSION = YES;
				GCC_WARN_ABOUT_RETURN_TYPE = YES_ERROR;
				GCC_WARN_UNDECLARED_SELECTOR = YES;
				GCC_WARN_UNINITIALIZED_AUTOS = YES_AGGRESSIVE;
				GCC_WARN_UNUSED_FUNCTION = YES;
				GCC_WARN_UNUSED_VARIABLE = YES;
				IPHONEOS_DEPLOYMENT_TARGET = 15.0;
				MTL_ENABLE_DEBUG_INFO = INCLUDE_SOURCE;
				MTL_FAST_MATH = YES;
				ONLY_ACTIVE_ARCH = YES;
				SDKROOT = iphoneos;
				SWIFT_ACTIVE_COMPILATION_CONDITIONS = DEBUG;
				SWIFT_OPTIMIZATION_LEVEL = "-Onone";
			};
			name = Debug;
		};
		66170AC9271ABA1700899506 /* Release */ = {
			isa = XCBuildConfiguration;
			buildSettings = {
				ALWAYS_SEARCH_USER_PATHS = NO;
				CLANG_ANALYZER_NONNULL = YES;
				CLANG_ANALYZER_NUMBER_OBJECT_CONVERSION = YES_AGGRESSIVE;
				CLANG_CXX_LANGUAGE_STANDARD = "gnu++17";
				CLANG_CXX_LIBRARY = "libc++";
				CLANG_ENABLE_MODULES = YES;
				CLANG_ENABLE_OBJC_ARC = YES;
				CLANG_ENABLE_OBJC_WEAK = YES;
				CLANG_WARN_BLOCK_CAPTURE_AUTORELEASING = YES;
				CLANG_WARN_BOOL_CONVERSION = YES;
				CLANG_WARN_COMMA = YES;
				CLANG_WARN_CONSTANT_CONVERSION = YES;
				CLANG_WARN_DEPRECATED_OBJC_IMPLEMENTATIONS = YES;
				CLANG_WARN_DIRECT_OBJC_ISA_USAGE = YES_ERROR;
				CLANG_WARN_DOCUMENTATION_COMMENTS = YES;
				CLANG_WARN_EMPTY_BODY = YES;
				CLANG_WARN_ENUM_CONVERSION = YES;
				CLANG_WARN_INFINITE_RECURSION = YES;
				CLANG_WARN_INT_CONVERSION = YES;
				CLANG_WARN_NON_LITERAL_NULL_CONVERSION = YES;
				CLANG_WARN_OBJC_IMPLICIT_RETAIN_SELF = YES;
				CLANG_WARN_OBJC_LITERAL_CONVERSION = YES;
				CLANG_WARN_OBJC_ROOT_CLASS = YES_ERROR;
				CLANG_WARN_QUOTED_INCLUDE_IN_FRAMEWORK_HEADER = YES;
				CLANG_WARN_RANGE_LOOP_ANALYSIS = YES;
				CLANG_WARN_STRICT_PROTOTYPES = YES;
				CLANG_WARN_SUSPICIOUS_MOVE = YES;
				CLANG_WARN_UNGUARDED_AVAILABILITY = YES_AGGRESSIVE;
				CLANG_WARN_UNREACHABLE_CODE = YES;
				CLANG_WARN__DUPLICATE_METHOD_MATCH = YES;
				COPY_PHASE_STRIP = NO;
				DEBUG_INFORMATION_FORMAT = "dwarf-with-dsym";
				ENABLE_NS_ASSERTIONS = NO;
				ENABLE_STRICT_OBJC_MSGSEND = YES;
				GCC_C_LANGUAGE_STANDARD = gnu11;
				GCC_NO_COMMON_BLOCKS = YES;
				GCC_WARN_64_TO_32_BIT_CONVERSION = YES;
				GCC_WARN_ABOUT_RETURN_TYPE = YES_ERROR;
				GCC_WARN_UNDECLARED_SELECTOR = YES;
				GCC_WARN_UNINITIALIZED_AUTOS = YES_AGGRESSIVE;
				GCC_WARN_UNUSED_FUNCTION = YES;
				GCC_WARN_UNUSED_VARIABLE = YES;
				IPHONEOS_DEPLOYMENT_TARGET = 15.0;
				MTL_ENABLE_DEBUG_INFO = NO;
				MTL_FAST_MATH = YES;
				SDKROOT = iphoneos;
				SWIFT_COMPILATION_MODE = wholemodule;
				SWIFT_OPTIMIZATION_LEVEL = "-O";
				VALIDATE_PRODUCT = YES;
			};
			name = Release;
		};
		66170ACB271ABA1700899506 /* Debug */ = {
			isa = XCBuildConfiguration;
			buildSettings = {
				ASSETCATALOG_COMPILER_APPICON_NAME = AppIcon;
				ASSETCATALOG_COMPILER_GLOBAL_ACCENT_COLOR_NAME = AccentColor;
				CODE_SIGN_STYLE = Automatic;
				CURRENT_PROJECT_VERSION = 1;
				DEVELOPMENT_ASSET_PATHS = "\"cruFree/Preview Content\"";
				DEVELOPMENT_TEAM = 3NCVRF3SR5;
				ENABLE_PREVIEWS = YES;
				GENERATE_INFOPLIST_FILE = YES;
				INFOPLIST_KEY_UIApplicationSceneManifest_Generation = YES;
				INFOPLIST_KEY_UIApplicationSupportsIndirectInputEvents = YES;
				INFOPLIST_KEY_UILaunchScreen_Generation = YES;
				INFOPLIST_KEY_UISupportedInterfaceOrientations_iPad = "UIInterfaceOrientationPortrait UIInterfaceOrientationPortraitUpsideDown UIInterfaceOrientationLandscapeLeft UIInterfaceOrientationLandscapeRight";
				INFOPLIST_KEY_UISupportedInterfaceOrientations_iPhone = "UIInterfaceOrientationPortrait UIInterfaceOrientationLandscapeLeft UIInterfaceOrientationLandscapeRight";
				IPHONEOS_DEPLOYMENT_TARGET = 14.0;
				LD_RUNPATH_SEARCH_PATHS = (
					"$(inherited)",
					"@executable_path/Frameworks",
				);
				MARKETING_VERSION = 1.0;
				PRODUCT_BUNDLE_IDENTIFIER = com.mavideniz.cruFree;
				PRODUCT_NAME = "$(TARGET_NAME)";
				SWIFT_EMIT_LOC_STRINGS = YES;
				SWIFT_VERSION = 5.0;
				TARGETED_DEVICE_FAMILY = "1,2";
			};
			name = Debug;
		};
		66170ACC271ABA1700899506 /* Release */ = {
			isa = XCBuildConfiguration;
			buildSettings = {
				ASSETCATALOG_COMPILER_APPICON_NAME = AppIcon;
				ASSETCATALOG_COMPILER_GLOBAL_ACCENT_COLOR_NAME = AccentColor;
				CODE_SIGN_STYLE = Automatic;
				CURRENT_PROJECT_VERSION = 1;
				DEVELOPMENT_ASSET_PATHS = "\"cruFree/Preview Content\"";
				DEVELOPMENT_TEAM = 3NCVRF3SR5;
				ENABLE_PREVIEWS = YES;
				GENERATE_INFOPLIST_FILE = YES;
				INFOPLIST_KEY_UIApplicationSceneManifest_Generation = YES;
				INFOPLIST_KEY_UIApplicationSupportsIndirectInputEvents = YES;
				INFOPLIST_KEY_UILaunchScreen_Generation = YES;
				INFOPLIST_KEY_UISupportedInterfaceOrientations_iPad = "UIInterfaceOrientationPortrait UIInterfaceOrientationPortraitUpsideDown UIInterfaceOrientationLandscapeLeft UIInterfaceOrientationLandscapeRight";
				INFOPLIST_KEY_UISupportedInterfaceOrientations_iPhone = "UIInterfaceOrientationPortrait UIInterfaceOrientationLandscapeLeft UIInterfaceOrientationLandscapeRight";
				IPHONEOS_DEPLOYMENT_TARGET = 14.0;
				LD_RUNPATH_SEARCH_PATHS = (
					"$(inherited)",
					"@executable_path/Frameworks",
				);
				MARKETING_VERSION = 1.0;
				PRODUCT_BUNDLE_IDENTIFIER = com.mavideniz.cruFree;
				PRODUCT_NAME = "$(TARGET_NAME)";
				SWIFT_EMIT_LOC_STRINGS = YES;
				SWIFT_VERSION = 5.0;
				TARGETED_DEVICE_FAMILY = "1,2";
			};
			name = Release;
		};
/* End XCBuildConfiguration section */

/* Begin XCConfigurationList section */
		66170AB7271ABA1600899506 /* Build configuration list for PBXProject "cruFree" */ = {
			isa = XCConfigurationList;
			buildConfigurations = (
				66170AC8271ABA1700899506 /* Debug */,
				66170AC9271ABA1700899506 /* Release */,
			);
			defaultConfigurationIsVisible = 0;
			defaultConfigurationName = Release;
		};
		66170ACA271ABA1700899506 /* Build configuration list for PBXNativeTarget "cruFree" */ = {
			isa = XCConfigurationList;
			buildConfigurations = (
				66170ACB271ABA1700899506 /* Debug */,
				66170ACC271ABA1700899506 /* Release */,
			);
			defaultConfigurationIsVisible = 0;
			defaultConfigurationName = Release;
		};
/* End XCConfigurationList section */
	};
	rootObject = 66170AB4271ABA1600899506 /* Project object */;
}
